version = 1
revision = 1
requires-python = ">=3.13"

[[package]]
name = "bottle"
version = "0.13.4"
source = { registry = "https://mirrors.aliyun.com/pypi/simple" }
sdist = { url = "https://mirrors.aliyun.com/pypi/packages/7a/71/cca6167c06d00c81375fd668719df245864076d284f7cb46a694cbeb5454/bottle-0.13.4.tar.gz", hash = "sha256:787e78327e12b227938de02248333d788cfe45987edca735f8f88e03472c3f47" }
wheels = [
    { url = "https://mirrors.aliyun.com/pypi/packages/83/f6/b55ec74cfe68c6584163faa311503c20b0da4c09883a41e8e00d6726c954/bottle-0.13.4-py2.py3-none-any.whl", hash = "sha256:045684fbd2764eac9cdeb824861d1551d113e8b683d8d26e296898d3dd99a12e" },
]

[[package]]
name = "cffi"
version = "2.0.0"
source = { registry = "https://mirrors.aliyun.com/pypi/simple" }
dependencies = [
    { name = "pycparser", marker = "implementation_name != 'PyPy'" },
]
sdist = { url = "https://mirrors.aliyun.com/pypi/packages/eb/56/b1ba7935a17738ae8453301356628e8147c79dbb825bcbc73dc7401f9846/cffi-2.0.0.tar.gz", hash = "sha256:44d1b5909021139fe36001ae048dbdde8214afa20200eda0f64c068cac5d5529" }
wheels = [
    { url = "https://mirrors.aliyun.com/pypi/packages/eb/6d/bf9bda840d5f1dfdbf0feca87fbdb64a918a69bca42cfa0ba7b137c48cb8/cffi-2.0.0-cp313-cp313-win32.whl", hash = "sha256:74a03b9698e198d47562765773b4a8309919089150a0bb17d829ad7b44b60d27" },
    { url = "https://mirrors.aliyun.com/pypi/packages/37/18/6519e1ee6f5a1e579e04b9ddb6f1676c17368a7aba48299c3759bbc3c8b3/cffi-2.0.0-cp313-cp313-win_amd64.whl", hash = "sha256:19f705ada2530c1167abacb171925dd886168931e0a7b78f5bffcae5c6b5be75" },
    { url = "https://mirrors.aliyun.com/pypi/packages/cb/0e/02ceeec9a7d6ee63bb596121c2c8e9b3a9e150936f4fbef6ca1943e6137c/cffi-2.0.0-cp313-cp313-win_arm64.whl", hash = "sha256:256f80b80ca3853f90c21b23ee78cd008713787b1b1e93eae9f3d6a7134abd91" },
    { url = "https://mirrors.aliyun.com/pypi/packages/3e/aa/df335faa45b395396fcbc03de2dfcab242cd61a9900e914fe682a59170b1/cffi-2.0.0-cp314-cp314-win32.whl", hash = "sha256:087067fa8953339c723661eda6b54bc98c5625757ea62e95eb4898ad5e776e9f" },
    { url = "https://mirrors.aliyun.com/pypi/packages/bb/92/882c2d30831744296ce713f0feb4c1cd30f346ef747b530b5318715cc367/cffi-2.0.0-cp314-cp314-win_amd64.whl", hash = "sha256:203a48d1fb583fc7d78a4c6655692963b860a417c0528492a6bc21f1aaefab25" },
    { url = "https://mirrors.aliyun.com/pypi/packages/9f/2c/98ece204b9d35a7366b5b2c6539c350313ca13932143e79dc133ba757104/cffi-2.0.0-cp314-cp314-win_arm64.whl", hash = "sha256:dbd5c7a25a7cb98f5ca55d258b103a2054f859a46ae11aaf23134f9cc0d356ad" },
    { url = "https://mirrors.aliyun.com/pypi/packages/a0/1d/ec1a60bd1a10daa292d3cd6bb0b359a81607154fb8165f3ec95fe003b85c/cffi-2.0.0-cp314-cp314t-win32.whl", hash = "sha256:1fc9ea04857caf665289b7a75923f2c6ed559b8298a1b8c49e59f7dd95c8481e" },
    { url = "https://mirrors.aliyun.com/pypi/packages/bf/41/4c1168c74fac325c0c8156f04b6749c8b6a8f405bbf91413ba088359f60d/cffi-2.0.0-cp314-cp314t-win_amd64.whl", hash = "sha256:d68b6cef7827e8641e8ef16f4494edda8b36104d79773a334beaa1e3521430f6" },
    { url = "https://mirrors.aliyun.com/pypi/packages/ae/3a/dbeec9d1ee0844c679f6bb5d6ad4e9f198b1224f4e7a32825f47f6192b0c/cffi-2.0.0-cp314-cp314t-win_arm64.whl", hash = "sha256:0a1527a803f0a659de1af2e1fd700213caba79377e27e4693648c2923da066f9" },
]

[[package]]
name = "clr-loader"
version = "0.2.7.post0"
source = { registry = "https://mirrors.aliyun.com/pypi/simple" }
dependencies = [
    { name = "cffi" },
]
sdist = { url = "https://mirrors.aliyun.com/pypi/packages/d5/b3/8ae917e458394e2cebdbf17bed0a8204f8d4ffc79a093a7b1141c7731d3c/clr_loader-0.2.7.post0.tar.gz", hash = "sha256:b7a8b3f8fbb1bcbbb6382d887e21d1742d4f10b5ea209e4ad95568fe97e1c7c6" }
wheels = [
    { url = "https://mirrors.aliyun.com/pypi/packages/9c/c0/06e64a54bced4e8b885c1e7ec03ee1869e52acf69e87da40f92391a214ad/clr_loader-0.2.7.post0-py3-none-any.whl", hash = "sha256:e0b9fcc107d48347a4311a28ffe3ae78c4968edb216ffb6564cb03f7ace0bb47" },
]

[[package]]
name = "image-convert"
version = "0.1.0"
source = { virtual = "." }
dependencies = [
    { name = "pillow" },
    { name = "pillow-heif" },
    { name = "pywebview" },
]

[package.metadata]
requires-dist = [
    { name = "pillow", specifier = ">=11.3.0" },
    { name = "pillow-heif", specifier = ">=1.1.1" },
    { name = "pywebview", specifier = ">=6.0" },
]

[[package]]
name = "packaging"
version = "25.0"
source = { registry = "https://mirrors.aliyun.com/pypi/simple" }
sdist = { url = "https://mirrors.aliyun.com/pypi/packages/a1/d4/1fc4078c65507b51b96ca8f8c3ba19e6a61c8253c72794544580a7b6c24d/packaging-25.0.tar.gz", hash = "sha256:d443872c98d677bf60f6a1f2f8c1cb748e8fe762d2bf9d3148b5599295b0fc4f" }
wheels = [
    { url = "https://mirrors.aliyun.com/pypi/packages/20/12/38679034af332785aac8774540895e234f4d07f7545804097de4b666afd8/packaging-25.0-py3-none-any.whl", hash = "sha256:29572ef2b1f17581046b3a2227d5c611fb25ec70ca1ba8554b24b0e69331a484" },
]

[[package]]
name = "pillow"
version = "11.3.0"
source = { registry = "https://mirrors.aliyun.com/pypi/simple" }
sdist = { url = "https://mirrors.aliyun.com/pypi/packages/f3/0d/d0d6dea55cd152ce3d6767bb38a8fc10e33796ba4ba210cbab9354b6d238/pillow-11.3.0.tar.gz", hash = "sha256:3828ee7586cd0b2091b6209e5ad53e20d0649bbe87164a459d0676e035e8f523" }
wheels = [
    { url = "https://mirrors.aliyun.com/pypi/packages/1e/93/0952f2ed8db3a5a4c7a11f91965d6184ebc8cd7cbb7941a260d5f018cd2d/pillow-11.3.0-cp313-cp313-ios_13_0_arm64_iphoneos.whl", hash = "sha256:1c627742b539bba4309df89171356fcb3cc5a9178355b2727d1b74a6cf155fbd" },
    { url = "https://mirrors.aliyun.com/pypi/packages/4b/e8/100c3d114b1a0bf4042f27e0f87d2f25e857e838034e98ca98fe7b8c0a9c/pillow-11.3.0-cp313-cp313-ios_13_0_arm64_iphonesimulator.whl", hash = "sha256:30b7c02f3899d10f13d7a48163c8969e4e653f8b43416d23d13d1bbfdc93b9f8" },
    { url = "https://mirrors.aliyun.com/pypi/packages/aa/86/3f758a28a6e381758545f7cdb4942e1cb79abd271bea932998fc0db93cb6/pillow-11.3.0-cp313-cp313-ios_13_0_x86_64_iphonesimulator.whl", hash = "sha256:7859a4cc7c9295f5838015d8cc0a9c215b77e43d07a25e460f35cf516df8626f" },
    { url = "https://mirrors.aliyun.com/pypi/packages/01/f4/91d5b3ffa718df2f53b0dc109877993e511f4fd055d7e9508682e8aba092/pillow-11.3.0-cp313-cp313-macosx_10_13_x86_64.whl", hash = "sha256:ec1ee50470b0d050984394423d96325b744d55c701a439d2bd66089bff963d3c" },
    { url = "https://mirrors.aliyun.com/pypi/packages/f9/0e/37d7d3eca6c879fbd9dba21268427dffda1ab00d4eb05b32923d4fbe3b12/pillow-11.3.0-cp313-cp313-macosx_11_0_arm64.whl", hash = "sha256:7db51d222548ccfd274e4572fdbf3e810a5e66b00608862f947b163e613b67dd" },
    { url = "https://mirrors.aliyun.com/pypi/packages/ff/b0/3426e5c7f6565e752d81221af9d3676fdbb4f352317ceafd42899aaf5d8a/pillow-11.3.0-cp313-cp313-manylinux2014_aarch64.manylinux_2_17_aarch64.whl", hash = "sha256:2d6fcc902a24ac74495df63faad1884282239265c6839a0a6416d33faedfae7e" },
    { url = "https://mirrors.aliyun.com/pypi/packages/fc/c1/c6c423134229f2a221ee53f838d4be9d82bab86f7e2f8e75e47b6bf6cd77/pillow-11.3.0-cp313-cp313-manylinux2014_x86_64.manylinux_2_17_x86_64.whl", hash = "sha256:f0f5d8f4a08090c6d6d578351a2b91acf519a54986c055af27e7a93feae6d3f1" },
    { url = "https://mirrors.aliyun.com/pypi/packages/ba/c9/09e6746630fe6372c67c648ff9deae52a2bc20897d51fa293571977ceb5d/pillow-11.3.0-cp313-cp313-manylinux_2_27_aarch64.manylinux_2_28_aarch64.whl", hash = "sha256:c37d8ba9411d6003bba9e518db0db0c58a680ab9fe5179f040b0463644bc9805" },
    { url = "https://mirrors.aliyun.com/pypi/packages/d5/1c/a2a29649c0b1983d3ef57ee87a66487fdeb45132df66ab30dd37f7dbe162/pillow-11.3.0-cp313-cp313-manylinux_2_27_x86_64.manylinux_2_28_x86_64.whl", hash = "sha256:13f87d581e71d9189ab21fe0efb5a23e9f28552d5be6979e84001d3b8505abe8" },
    { url = "https://mirrors.aliyun.com/pypi/packages/36/de/d5cc31cc4b055b6c6fd990e3e7f0f8aaf36229a2698501bcb0cdf67c7146/pillow-11.3.0-cp313-cp313-musllinux_1_2_aarch64.whl", hash = "sha256:023f6d2d11784a465f09fd09a34b150ea4672e85fb3d05931d89f373ab14abb2" },
    { url = "https://mirrors.aliyun.com/pypi/packages/d5/ea/502d938cbaeec836ac28a9b730193716f0114c41325db428e6b280513f09/pillow-11.3.0-cp313-cp313-musllinux_1_2_x86_64.whl", hash = "sha256:45dfc51ac5975b938e9809451c51734124e73b04d0f0ac621649821a63852e7b" },
    { url = "https://mirrors.aliyun.com/pypi/packages/45/9c/9c5e2a73f125f6cbc59cc7087c8f2d649a7ae453f83bd0362ff7c9e2aee2/pillow-11.3.0-cp313-cp313-win32.whl", hash = "sha256:a4d336baed65d50d37b88ca5b60c0fa9d81e3a87d4a7930d3880d1624d5b31f3" },
    { url = "https://mirrors.aliyun.com/pypi/packages/23/85/397c73524e0cd212067e0c969aa245b01d50183439550d24d9f55781b776/pillow-11.3.0-cp313-cp313-win_amd64.whl", hash = "sha256:0bce5c4fd0921f99d2e858dc4d4d64193407e1b99478bc5cacecba2311abde51" },
    { url = "https://mirrors.aliyun.com/pypi/packages/17/d2/622f4547f69cd173955194b78e4d19ca4935a1b0f03a302d655c9f6aae65/pillow-11.3.0-cp313-cp313-win_arm64.whl", hash = "sha256:1904e1264881f682f02b7f8167935cce37bc97db457f8e7849dc3a6a52b99580" },
    { url = "https://mirrors.aliyun.com/pypi/packages/dd/80/a8a2ac21dda2e82480852978416cfacd439a4b490a501a288ecf4fe2532d/pillow-11.3.0-cp313-cp313t-macosx_10_13_x86_64.whl", hash = "sha256:4c834a3921375c48ee6b9624061076bc0a32a60b5532b322cc0ea64e639dd50e" },
    { url = "https://mirrors.aliyun.com/pypi/packages/44/d6/b79754ca790f315918732e18f82a8146d33bcd7f4494380457ea89eb883d/pillow-11.3.0-cp313-cp313t-macosx_11_0_arm64.whl", hash = "sha256:5e05688ccef30ea69b9317a9ead994b93975104a677a36a8ed8106be9260aa6d" },
    { url = "https://mirrors.aliyun.com/pypi/packages/49/20/716b8717d331150cb00f7fdd78169c01e8e0c219732a78b0e59b6bdb2fd6/pillow-11.3.0-cp313-cp313t-manylinux2014_aarch64.manylinux_2_17_aarch64.whl", hash = "sha256:1019b04af07fc0163e2810167918cb5add8d74674b6267616021ab558dc98ced" },
    { url = "https://mirrors.aliyun.com/pypi/packages/74/cf/a9f3a2514a65bb071075063a96f0a5cf949c2f2fce683c15ccc83b1c1cab/pillow-11.3.0-cp313-cp313t-manylinux2014_x86_64.manylinux_2_17_x86_64.whl", hash = "sha256:f944255db153ebb2b19c51fe85dd99ef0ce494123f21b9db4877ffdfc5590c7c" },
    { url = "https://mirrors.aliyun.com/pypi/packages/98/3c/da78805cbdbee9cb43efe8261dd7cc0b4b93f2ac79b676c03159e9db2187/pillow-11.3.0-cp313-cp313t-manylinux_2_27_aarch64.manylinux_2_28_aarch64.whl", hash = "sha256:1f85acb69adf2aaee8b7da124efebbdb959a104db34d3a2cb0f3793dbae422a8" },
    { url = "https://mirrors.aliyun.com/pypi/packages/6c/fa/ce044b91faecf30e635321351bba32bab5a7e034c60187fe9698191aef4f/pillow-11.3.0-cp313-cp313t-manylinux_2_27_x86_64.manylinux_2_28_x86_64.whl", hash = "sha256:05f6ecbeff5005399bb48d198f098a9b4b6bdf27b8487c7f38ca16eeb070cd59" },
    { url = "https://mirrors.aliyun.com/pypi/packages/7b/51/90f9291406d09bf93686434f9183aba27b831c10c87746ff49f127ee80cb/pillow-11.3.0-cp313-cp313t-musllinux_1_2_aarch64.whl", hash = "sha256:a7bc6e6fd0395bc052f16b1a8670859964dbd7003bd0af2ff08342eb6e442cfe" },
    { url = "https://mirrors.aliyun.com/pypi/packages/cd/5a/6fec59b1dfb619234f7636d4157d11fb4e196caeee220232a8d2ec48488d/pillow-11.3.0-cp313-cp313t-musllinux_1_2_x86_64.whl", hash = "sha256:83e1b0161c9d148125083a35c1c5a89db5b7054834fd4387499e06552035236c" },
    { url = "https://mirrors.aliyun.com/pypi/packages/49/6b/00187a044f98255225f172de653941e61da37104a9ea60e4f6887717e2b5/pillow-11.3.0-cp313-cp313t-win32.whl", hash = "sha256:2a3117c06b8fb646639dce83694f2f9eac405472713fcb1ae887469c0d4f6788" },
    { url = "https://mirrors.aliyun.com/pypi/packages/e8/5c/6caaba7e261c0d75bab23be79f1d06b5ad2a2ae49f028ccec801b0e853d6/pillow-11.3.0-cp313-cp313t-win_amd64.whl", hash = "sha256:857844335c95bea93fb39e0fa2726b4d9d758850b34075a7e3ff4f4fa3aa3b31" },
    { url = "https://mirrors.aliyun.com/pypi/packages/f3/7e/b623008460c09a0cb38263c93b828c666493caee2eb34ff67f778b87e58c/pillow-11.3.0-cp313-cp313t-win_arm64.whl", hash = "sha256:8797edc41f3e8536ae4b10897ee2f637235c94f27404cac7297f7b607dd0716e" },
    { url = "https://mirrors.aliyun.com/pypi/packages/73/f4/04905af42837292ed86cb1b1dabe03dce1edc008ef14c473c5c7e1443c5d/pillow-11.3.0-cp314-cp314-macosx_10_13_x86_64.whl", hash = "sha256:d9da3df5f9ea2a89b81bb6087177fb1f4d1c7146d583a3fe5c672c0d94e55e12" },
    { url = "https://mirrors.aliyun.com/pypi/packages/41/b0/33d79e377a336247df6348a54e6d2a2b85d644ca202555e3faa0cf811ecc/pillow-11.3.0-cp314-cp314-macosx_11_0_arm64.whl", hash = "sha256:0b275ff9b04df7b640c59ec5a3cb113eefd3795a8df80bac69646ef699c6981a" },
    { url = "https://mirrors.aliyun.com/pypi/packages/49/2d/ed8bc0ab219ae8768f529597d9509d184fe8a6c4741a6864fea334d25f3f/pillow-11.3.0-cp314-cp314-manylinux2014_aarch64.manylinux_2_17_aarch64.whl", hash = "sha256:0743841cabd3dba6a83f38a92672cccbd69af56e3e91777b0ee7f4dba4385632" },
    { url = "https://mirrors.aliyun.com/pypi/packages/b5/3d/b932bb4225c80b58dfadaca9d42d08d0b7064d2d1791b6a237f87f661834/pillow-11.3.0-cp314-cp314-manylinux2014_x86_64.manylinux_2_17_x86_64.whl", hash = "sha256:2465a69cf967b8b49ee1b96d76718cd98c4e925414ead59fdf75cf0fd07df673" },
    { url = "https://mirrors.aliyun.com/pypi/packages/09/b5/0487044b7c096f1b48f0d7ad416472c02e0e4bf6919541b111efd3cae690/pillow-11.3.0-cp314-cp314-manylinux_2_27_aarch64.manylinux_2_28_aarch64.whl", hash = "sha256:41742638139424703b4d01665b807c6468e23e699e8e90cffefe291c5832b027" },
    { url = "https://mirrors.aliyun.com/pypi/packages/a8/2d/524f9318f6cbfcc79fbc004801ea6b607ec3f843977652fdee4857a7568b/pillow-11.3.0-cp314-cp314-manylinux_2_27_x86_64.manylinux_2_28_x86_64.whl", hash = "sha256:93efb0b4de7e340d99057415c749175e24c8864302369e05914682ba642e5d77" },
    { url = "https://mirrors.aliyun.com/pypi/packages/6f/d2/a9a4f280c6aefedce1e8f615baaa5474e0701d86dd6f1dede66726462bbd/pillow-11.3.0-cp314-cp314-musllinux_1_2_aarch64.whl", hash = "sha256:7966e38dcd0fa11ca390aed7c6f20454443581d758242023cf36fcb319b1a874" },
    { url = "https://mirrors.aliyun.com/pypi/packages/fe/54/86b0cd9dbb683a9d5e960b66c7379e821a19be4ac5810e2e5a715c09a0c0/pillow-11.3.0-cp314-cp314-musllinux_1_2_x86_64.whl", hash = "sha256:98a9afa7b9007c67ed84c57c9e0ad86a6000da96eaa638e4f8abe5b65ff83f0a" },
    { url = "https://mirrors.aliyun.com/pypi/packages/e7/95/88efcaf384c3588e24259c4203b909cbe3e3c2d887af9e938c2022c9dd48/pillow-11.3.0-cp314-cp314-win32.whl", hash = "sha256:02a723e6bf909e7cea0dac1b0e0310be9d7650cd66222a5f1c571455c0a45214" },
    { url = "https://mirrors.aliyun.com/pypi/packages/2e/cc/934e5820850ec5eb107e7b1a72dd278140731c669f396110ebc326f2a503/pillow-11.3.0-cp314-cp314-win_amd64.whl", hash = "sha256:a418486160228f64dd9e9efcd132679b7a02a5f22c982c78b6fc7dab3fefb635" },
    { url = "https://mirrors.aliyun.com/pypi/packages/d6/e9/9c0a616a71da2a5d163aa37405e8aced9a906d574b4a214bede134e731bc/pillow-11.3.0-cp314-cp314-win_arm64.whl", hash = "sha256:155658efb5e044669c08896c0c44231c5e9abcaadbc5cd3648df2f7c0b96b9a6" },
    { url = "https://mirrors.aliyun.com/pypi/packages/1a/33/c88376898aff369658b225262cd4f2659b13e8178e7534df9e6e1fa289f6/pillow-11.3.0-cp314-cp314t-macosx_10_13_x86_64.whl", hash = "sha256:59a03cdf019efbfeeed910bf79c7c93255c3d54bc45898ac2a4140071b02b4ae" },
    { url = "https://mirrors.aliyun.com/pypi/packages/1f/70/d376247fb36f1844b42910911c83a02d5544ebd2a8bad9efcc0f707ea774/pillow-11.3.0-cp314-cp314t-macosx_11_0_arm64.whl", hash = "sha256:f8a5827f84d973d8636e9dc5764af4f0cf2318d26744b3d902931701b0d46653" },
    { url = "https://mirrors.aliyun.com/pypi/packages/eb/1c/537e930496149fbac69efd2fc4329035bbe2e5475b4165439e3be9cb183b/pillow-11.3.0-cp314-cp314t-manylinux2014_aarch64.manylinux_2_17_aarch64.whl", hash = "sha256:ee92f2fd10f4adc4b43d07ec5e779932b4eb3dbfbc34790ada5a6669bc095aa6" },
    { url = "https://mirrors.aliyun.com/pypi/packages/bd/57/80f53264954dcefeebcf9dae6e3eb1daea1b488f0be8b8fef12f79a3eb10/pillow-11.3.0-cp314-cp314t-manylinux2014_x86_64.manylinux_2_17_x86_64.whl", hash = "sha256:c96d333dcf42d01f47b37e0979b6bd73ec91eae18614864622d9b87bbd5bbf36" },
    { url = "https://mirrors.aliyun.com/pypi/packages/70/ff/4727d3b71a8578b4587d9c276e90efad2d6fe0335fd76742a6da08132e8c/pillow-11.3.0-cp314-cp314t-manylinux_2_27_aarch64.manylinux_2_28_aarch64.whl", hash = "sha256:4c96f993ab8c98460cd0c001447bff6194403e8b1d7e149ade5f00594918128b" },
    { url = "https://mirrors.aliyun.com/pypi/packages/05/ae/716592277934f85d3be51d7256f3636672d7b1abfafdc42cf3f8cbd4b4c8/pillow-11.3.0-cp314-cp314t-manylinux_2_27_x86_64.manylinux_2_28_x86_64.whl", hash = "sha256:41342b64afeba938edb034d122b2dda5db2139b9a4af999729ba8818e0056477" },
    { url = "https://mirrors.aliyun.com/pypi/packages/e7/bb/7fe6cddcc8827b01b1a9766f5fdeb7418680744f9082035bdbabecf1d57f/pillow-11.3.0-cp314-cp314t-musllinux_1_2_aarch64.whl", hash = "sha256:068d9c39a2d1b358eb9f245ce7ab1b5c3246c7c8c7d9ba58cfa5b43146c06e50" },
    { url = "https://mirrors.aliyun.com/pypi/packages/8b/f5/06bfaa444c8e80f1a8e4bff98da9c83b37b5be3b1deaa43d27a0db37ef84/pillow-11.3.0-cp314-cp314t-musllinux_1_2_x86_64.whl", hash = "sha256:a1bc6ba083b145187f648b667e05a2534ecc4b9f2784c2cbe3089e44868f2b9b" },
    { url = "https://mirrors.aliyun.com/pypi/packages/f0/77/bc6f92a3e8e6e46c0ca78abfffec0037845800ea38c73483760362804c41/pillow-11.3.0-cp314-cp314t-win32.whl", hash = "sha256:118ca10c0d60b06d006be10a501fd6bbdfef559251ed31b794668ed569c87e12" },
    { url = "https://mirrors.aliyun.com/pypi/packages/4a/82/3a721f7d69dca802befb8af08b7c79ebcab461007ce1c18bd91a5d5896f9/pillow-11.3.0-cp314-cp314t-win_amd64.whl", hash = "sha256:8924748b688aa210d79883357d102cd64690e56b923a186f35a82cbc10f997db" },
    { url = "https://mirrors.aliyun.com/pypi/packages/89/c7/5572fa4a3f45740eaab6ae86fcdf7195b55beac1371ac8c619d880cfe948/pillow-11.3.0-cp314-cp314t-win_arm64.whl", hash = "sha256:79ea0d14d3ebad43ec77ad5272e6ff9bba5b679ef73375ea760261207fa8e0aa" },
]

[[package]]
name = "pillow-heif"
version = "1.1.1"
source = { registry = "https://mirrors.aliyun.com/pypi/simple" }
dependencies = [
    { name = "pillow" },
]
sdist = { url = "https://mirrors.aliyun.com/pypi/packages/64/65/77284daf2a8a2849b9040889bd8e1b845e693ed97973a28ba2122b8922ad/pillow_heif-1.1.1.tar.gz", hash = "sha256:f60e8c8a8928556104cec4fff39d43caa1da105625bdb53b11ce3c89d09b6bde" }
wheels = [
    { url = "https://mirrors.aliyun.com/pypi/packages/c2/1d/2ea075d537b4ac9f5fb0c53fd543a764f5f1dee1fe6bea8fb5b34018cf94/pillow_heif-1.1.1-cp313-cp313-macosx_10_15_x86_64.whl", hash = "sha256:8269cae2e0232f73bda5128181a42fbbb562c29b76fbcced22fef70a61b94dbe" },
    { url = "https://mirrors.aliyun.com/pypi/packages/2e/6f/860fab6d6e6f04f13b97a8d9150816fa16feb3f7a2fe2d8ab4b460adc711/pillow_heif-1.1.1-cp313-cp313-macosx_11_0_arm64.whl", hash = "sha256:08787cc64b4a519789a348f137b914981ce520d4b906e09e2b8e974c87e3e215" },
    { url = "https://mirrors.aliyun.com/pypi/packages/b1/9a/711f77c7c6e00fa1ae0e890a36a5be03c47170b6cbb88fc92761bee0fff5/pillow_heif-1.1.1-cp313-cp313-manylinux_2_26_aarch64.manylinux_2_28_aarch64.whl", hash = "sha256:ac0fc8523a77c351991f78766d41290241dd87fbe036b6f777c49f2bd3561119" },
    { url = "https://mirrors.aliyun.com/pypi/packages/50/c8/50e2d1adede807dc1d3b35f2cfa28d7f8e73e9d56cb560dc94b1d7053b75/pillow_heif-1.1.1-cp313-cp313-manylinux_2_27_x86_64.manylinux_2_28_x86_64.whl", hash = "sha256:18db6c78b8fa52065339ffb69739f5c45748c0b5f836349f0aba786f7bb905ab" },
    { url = "https://mirrors.aliyun.com/pypi/packages/03/c2/0fa0ebaaec2a7e548989b84a2561300137d9999fc780d24ad7d6d4ef9417/pillow_heif-1.1.1-cp313-cp313-musllinux_1_2_aarch64.whl", hash = "sha256:c5db8a8ee7ee4b1311f81d223d32538d63a73adc2ece7610a9f19519856c8e68" },
    { url = "https://mirrors.aliyun.com/pypi/packages/85/cc/b0eee2b939a362dcccb96483f8d172b64df192ec93445103be04634255c8/pillow_heif-1.1.1-cp313-cp313-musllinux_1_2_x86_64.whl", hash = "sha256:a2e6d4f7209aade2d55bbbcdbbbe623118722bcc7a12edef15cf4ee0d8586c3e" },
    { url = "https://mirrors.aliyun.com/pypi/packages/dd/0b/a559ad48a5c03db5ecdc7c8b8dd04df3cb1072c0f983bcaebd26e1e63442/pillow_heif-1.1.1-cp313-cp313-win_amd64.whl", hash = "sha256:ff158ff338082d39864abd31c69ae2ee57de3f193c85ccbe365f4d7260712229" },
    { url = "https://mirrors.aliyun.com/pypi/packages/8e/f8/6c3fd8a28ea16236d40d6885b3babd801a2e7bdb73ee52a293eb34de7afc/pillow_heif-1.1.1-cp314-cp314-macosx_10_15_x86_64.whl", hash = "sha256:7f19389ffeb3866f95370eb917e6a32706c110a9fa670daefb63b5660948a82e" },
    { url = "https://mirrors.aliyun.com/pypi/packages/28/09/f2ffdac98465d00b6244c4333d2f73e815351beb6fa1d22f489797f0411c/pillow_heif-1.1.1-cp314-cp314-macosx_11_0_arm64.whl", hash = "sha256:8d5fa5539ff3c7bbe64aa446c10bf10f6d8c1604997a66b195bec02e2965eb10" },
    { url = "https://mirrors.aliyun.com/pypi/packages/84/93/a801624eb86e8e0a2a6212a10da6c69beb7060be569fe36100d96a2d9e2c/pillow_heif-1.1.1-cp314-cp314-manylinux_2_26_aarch64.manylinux_2_28_aarch64.whl", hash = "sha256:f9b08c81602ffd660cd27456fbfa3cbf396cf23bb39d3015cc7a6cd56ade82fd" },
    { url = "https://mirrors.aliyun.com/pypi/packages/e8/fd/7d619b7b9386abd6228b1465450ea0bb8a3875b1e22c4f9e5bbd598224ae/pillow_heif-1.1.1-cp314-cp314-manylinux_2_27_x86_64.manylinux_2_28_x86_64.whl", hash = "sha256:a0f2d68af87d5e1f6af0db021b61f62e456f413eba98ea7723d7f49f2a6f1f01" },
    { url = "https://mirrors.aliyun.com/pypi/packages/44/72/35b5a8a5cbdcb38968328a8d8f2385f38328141dca6dc52d8e192a36e256/pillow_heif-1.1.1-cp314-cp314-musllinux_1_2_aarch64.whl", hash = "sha256:e486b15696a958a04178aa9ff7f7db4f803d1ec7bbded924671576125c052ed5" },
    { url = "https://mirrors.aliyun.com/pypi/packages/23/70/fc0e0cc6b864f53be2833b23cadd1d1a480a51d6b2d5efd5c4c119e8112e/pillow_heif-1.1.1-cp314-cp314-musllinux_1_2_x86_64.whl", hash = "sha256:a37999e53c0cd32401667303e0b34c43240c32530809827091fabc7eb04d7cad" },
    { url = "https://mirrors.aliyun.com/pypi/packages/96/0e/af38e5cbca622fceaa1ee8eba8e68b3c6bf1bd6e6a37eca3817bf3dcebdc/pillow_heif-1.1.1-cp314-cp314-win_amd64.whl", hash = "sha256:1d35e973b2463b03f7b0bd5c898c7a424a46d69f7c20a9c251b322dfe4f45068" },
]

[[package]]
name = "proxy-tools"
version = "0.1.0"
source = { registry = "https://mirrors.aliyun.com/pypi/simple" }
sdist = { url = "https://mirrors.aliyun.com/pypi/packages/f2/cf/77d3e19b7fabd03895caca7857ef51e4c409e0ca6b37ee6e9f7daa50b642/proxy_tools-0.1.0.tar.gz", hash = "sha256:ccb3751f529c047e2d8a58440d86b205303cf0fe8146f784d1cbcd94f0a28010" }

[[package]]
name = "pycparser"
version = "2.23"
source = { registry = "https://mirrors.aliyun.com/pypi/simple" }
sdist = { url = "https://mirrors.aliyun.com/pypi/packages/fe/cf/d2d3b9f5699fb1e4615c8e32ff220203e43b248e1dfcc6736ad9057731ca/pycparser-2.23.tar.gz", hash = "sha256:78816d4f24add8f10a06d6f05b4d424ad9e96cfebf68a4ddc99c65c0720d00c2" }
wheels = [
    { url = "https://mirrors.aliyun.com/pypi/packages/a0/e3/59cd50310fc9b59512193629e1984c1f95e5c8ae6e5d8c69532ccc65a7fe/pycparser-2.23-py3-none-any.whl", hash = "sha256:e5c6e8d3fbad53479cab09ac03729e0a9faf2bee3db8208a550daf5af81a5934" },
]

[[package]]
name = "pyobjc-core"
version = "11.1"
source = { registry = "https://mirrors.aliyun.com/pypi/simple" }
sdist = { url = "https://mirrors.aliyun.com/pypi/packages/e8/e9/0b85c81e2b441267bca707b5d89f56c2f02578ef8f3eafddf0e0c0b8848c/pyobjc_core-11.1.tar.gz", hash = "sha256:b63d4d90c5df7e762f34739b39cc55bc63dbcf9fb2fb3f2671e528488c7a87fe" }
wheels = [
    { url = "https://mirrors.aliyun.com/pypi/packages/c5/24/12e4e2dae5f85fd0c0b696404ed3374ea6ca398e7db886d4f1322eb30799/pyobjc_core-11.1-cp313-cp313-macosx_10_13_universal2.whl", hash = "sha256:18986f83998fbd5d3f56d8a8428b2f3e0754fd15cef3ef786ca0d29619024f2c" },
    { url = "https://mirrors.aliyun.com/pypi/packages/f7/79/031492497624de4c728f1857181b06ce8c56444db4d49418fa459cba217c/pyobjc_core-11.1-cp313-cp313t-macosx_10_13_universal2.whl", hash = "sha256:8849e78cfe6595c4911fbba29683decfb0bf57a350aed8a43316976ba6f659d2" },
    { url = "https://mirrors.aliyun.com/pypi/packages/ed/7d/6169f16a0c7ec15b9381f8bf33872baf912de2ef68d96c798ca4c6ee641f/pyobjc_core-11.1-cp314-cp314-macosx_11_0_universal2.whl", hash = "sha256:8cb9ed17a8d84a312a6e8b665dd22393d48336ea1d8277e7ad20c19a38edf731" },
    { url = "https://mirrors.aliyun.com/pypi/packages/49/0f/f5ab2b0e57430a3bec9a62b6153c0e79c05a30d77b564efdb9f9446eeac5/pyobjc_core-11.1-cp314-cp314t-macosx_11_0_universal2.whl", hash = "sha256:f2455683e807f8541f0d83fbba0f5d9a46128ab0d5cc83ea208f0bec759b7f96" },
]

[[package]]
name = "pyobjc-framework-cocoa"
version = "11.1"
source = { registry = "https://mirrors.aliyun.com/pypi/simple" }
dependencies = [
    { name = "pyobjc-core" },
]
sdist = { url = "https://mirrors.aliyun.com/pypi/packages/4b/c5/7a866d24bc026f79239b74d05e2cf3088b03263da66d53d1b4cf5207f5ae/pyobjc_framework_cocoa-11.1.tar.gz", hash = "sha256:87df76b9b73e7ca699a828ff112564b59251bb9bbe72e610e670a4dc9940d038" }
wheels = [
    { url = "https://mirrors.aliyun.com/pypi/packages/4e/0b/a01477cde2a040f97e226f3e15e5ffd1268fcb6d1d664885a95ba592eca9/pyobjc_framework_cocoa-11.1-cp313-cp313-macosx_10_13_universal2.whl", hash = "sha256:54e93e1d9b0fc41c032582a6f0834befe1d418d73893968f3f450281b11603da" },
    { url = "https://mirrors.aliyun.com/pypi/packages/bc/e6/64cf2661f6ab7c124d0486ec6d1d01a9bb2838a0d2a46006457d8c5e6845/pyobjc_framework_cocoa-11.1-cp313-cp313t-macosx_10_13_universal2.whl", hash = "sha256:fd5245ee1997d93e78b72703be1289d75d88ff6490af94462b564892e9266350" },
    { url = "https://mirrors.aliyun.com/pypi/packages/33/87/01e35c5a3c5bbdc93d5925366421e10835fcd7b23347b6c267df1b16d0b3/pyobjc_framework_cocoa-11.1-cp314-cp314-macosx_11_0_universal2.whl", hash = "sha256:aede53a1afc5433e1e7d66568cc52acceeb171b0a6005407a42e8e82580b4fc0" },
    { url = "https://mirrors.aliyun.com/pypi/packages/c1/7c/54afe9ffee547c41e1161691e72067a37ed27466ac71c089bfdcd07ca70d/pyobjc_framework_cocoa-11.1-cp314-cp314t-macosx_11_0_universal2.whl", hash = "sha256:1b5de4e1757bb65689d6dc1f8d8717de9ec8587eb0c4831c134f13aba29f9b71" },
]

[[package]]
name = "pyobjc-framework-quartz"
version = "11.1"
source = { registry = "https://mirrors.aliyun.com/pypi/simple" }
dependencies = [
    { name = "pyobjc-core" },
    { name = "pyobjc-framework-cocoa" },
]
sdist = { url = "https://mirrors.aliyun.com/pypi/packages/c7/ac/6308fec6c9ffeda9942fef72724f4094c6df4933560f512e63eac37ebd30/pyobjc_framework_quartz-11.1.tar.gz", hash = "sha256:a57f35ccfc22ad48c87c5932818e583777ff7276605fef6afad0ac0741169f75" }
wheels = [
    { url = "https://mirrors.aliyun.com/pypi/packages/bd/27/4f4fc0e6a0652318c2844608dd7c41e49ba6006ee5fb60c7ae417c338357/pyobjc_framework_quartz-11.1-cp313-cp313-macosx_10_13_universal2.whl", hash = "sha256:43a1138280571bbf44df27a7eef519184b5c4183a588598ebaaeb887b9e73e76" },
    { url = "https://mirrors.aliyun.com/pypi/packages/b8/8a/1d15e42496bef31246f7401aad1ebf0f9e11566ce0de41c18431715aafbc/pyobjc_framework_quartz-11.1-cp313-cp313t-macosx_10_13_universal2.whl", hash = "sha256:b23d81c30c564adf6336e00b357f355b35aad10075dd7e837cfd52a9912863e5" },
    { url = "https://mirrors.aliyun.com/pypi/packages/32/a8/a3f84d06e567efc12c104799c7fd015f9bea272a75f799eda8b79e8163c6/pyobjc_framework_quartz-11.1-cp314-cp314-macosx_11_0_universal2.whl", hash = "sha256:07cbda78b4a8fcf3a2d96e047a2ff01f44e3e1820f46f0f4b3b6d77ff6ece07c" },
    { url = "https://mirrors.aliyun.com/pypi/packages/76/ef/8c08d4f255bb3efe8806609d1f0b1ddd29684ab0f9ffb5e26d3ad7957b29/pyobjc_framework_quartz-11.1-cp314-cp314t-macosx_11_0_universal2.whl", hash = "sha256:39d02a3df4b5e3eee1e0da0fb150259476910d2a9aa638ab94153c24317a9561" },
]

[[package]]
name = "pyobjc-framework-security"
version = "11.1"
source = { registry = "https://mirrors.aliyun.com/pypi/simple" }
dependencies = [
    { name = "pyobjc-core" },
    { name = "pyobjc-framework-cocoa" },
]
sdist = { url = "https://mirrors.aliyun.com/pypi/packages/ee/6f/ba50ed2d9c1192c67590a7cfefa44fc5f85c776d1e25beb224dec32081f6/pyobjc_framework_security-11.1.tar.gz", hash = "sha256:dabcee6987c6bae575e2d1ef0fcbe437678c4f49f1c25a4b131a5e960f31a2da" }
wheels = [
    { url = "https://mirrors.aliyun.com/pypi/packages/3f/d8/cb20b4c4d15b2bdc7e39481159e50a933ddb87e4702d35060c254b316055/pyobjc_framework_security-11.1-cp313-cp313-macosx_10_13_universal2.whl", hash = "sha256:158da3b2474e2567fd269531c4ee9f35b8ba4f1eccbd1fb4a37c85a18bf1243c" },
    { url = "https://mirrors.aliyun.com/pypi/packages/cb/3c/d13d6870f5d66f5379565887b332f86f16d666dc50a1944d7e3a1462e76c/pyobjc_framework_security-11.1-cp313-cp313t-macosx_10_13_universal2.whl", hash = "sha256:141cc3ee08627ae0698264efc3dbbaf28d2255e0fe690e336eb8f0f387c4af01" },
    { url = "https://mirrors.aliyun.com/pypi/packages/f0/3d/2f61d4566e80f203d0e05ddd788037dc06a94d200edac25d2747fd79b5aa/pyobjc_framework_security-11.1-cp314-cp314-macosx_11_0_universal2.whl", hash = "sha256:858a18303711eb69d18d1a64cf8bb2202f64a3bd1c82203c511990dbd8326514" },
    { url = "https://mirrors.aliyun.com/pypi/packages/15/44/99ef33a5319ed2cb6c0a51ed36214adf21ccb37cce970b1acc8bfe57ce23/pyobjc_framework_security-11.1-cp314-cp314t-macosx_11_0_universal2.whl", hash = "sha256:4db1ebf6395cd370139cb35ff172505fc449c7fdf5d3a28f2ada8a30ef132cd0" },
]

[[package]]
name = "pyobjc-framework-webkit"
version = "11.1"
source = { registry = "https://mirrors.aliyun.com/pypi/simple" }
dependencies = [
    { name = "pyobjc-core" },
    { name = "pyobjc-framework-cocoa" },
]
sdist = { url = "https://mirrors.aliyun.com/pypi/packages/92/04/fb3d0b68994f7e657ef00c1ac5fc1c04ae2fc7ea581d647f5ae1f6739b14/pyobjc_framework_webkit-11.1.tar.gz", hash = "sha256:27e701c7aaf4f24fc7e601a128e2ef14f2773f4ab071b9db7438dc5afb5053ae" }
wheels = [
    { url = "https://mirrors.aliyun.com/pypi/packages/7a/8d/66561d95b00b8e57a9d5725ae34a8d9ca7ebeb776f13add989421ff90279/pyobjc_framework_webkit-11.1-cp313-cp313-macosx_10_13_universal2.whl", hash = "sha256:1d01008756c3912b02b7c02f62432467fbee90a93e3b8e31fa351b4ca97c9c98" },
    { url = "https://mirrors.aliyun.com/pypi/packages/db/c3/e790b518f84ea8dfbe32a9dcb4d8611b532de08057d19f853c1890110938/pyobjc_framework_webkit-11.1-cp313-cp313t-macosx_10_13_universal2.whl", hash = "sha256:864f9867a2caaeaeb83e5c0fa3dcf78169622233cf93a9a5eeb7012ced3b8076" },
    { url = "https://mirrors.aliyun.com/pypi/packages/d7/4f/194e3e7c01861a5e46dfe9e1fa28ad01fd07190cb514e41a7dcf1f0b7031/pyobjc_framework_webkit-11.1-cp314-cp314-macosx_11_0_universal2.whl", hash = "sha256:13b774d4244734cb77bf3c3648149c163f62acaa105243d7c48bb3fd856b5628" },
    { url = "https://mirrors.aliyun.com/pypi/packages/31/09/28884e7c10d3a76a76c2c8f55369dd96a90f0283800c68f5c764e1fb8e2e/pyobjc_framework_webkit-11.1-cp314-cp314t-macosx_11_0_universal2.whl", hash = "sha256:c1c00d549ab1d50e3d7e8f5f71352b999d2c32dc2365c299f317525eb9bff916" },
]

[[package]]
name = "pythonnet"
version = "3.0.5"
source = { registry = "https://mirrors.aliyun.com/pypi/simple" }
dependencies = [
    { name = "clr-loader" },
]
sdist = { url = "https://mirrors.aliyun.com/pypi/packages/9a/d6/1afd75edd932306ae9bd2c2d961d603dc2b52fcec51b04afea464f1f6646/pythonnet-3.0.5.tar.gz", hash = "sha256:48e43ca463941b3608b32b4e236db92d8d40db4c58a75ace902985f76dac21cf" }
wheels = [
    { url = "https://mirrors.aliyun.com/pypi/packages/cd/f1/bfb6811df4745f92f14c47a29e50e89a36b1533130fcc56452d4660bd2d6/pythonnet-3.0.5-py3-none-any.whl", hash = "sha256:f6702d694d5d5b163c9f3f5cc34e0bed8d6857150237fae411fefb883a656d20" },
]

[[package]]
name = "pywebview"
version = "6.0"
source = { registry = "https://mirrors.aliyun.com/pypi/simple" }
dependencies = [
    { name = "bottle" },
    { name = "proxy-tools" },
    { name = "pyobjc-core", marker = "sys_platform == 'darwin'" },
    { name = "pyobjc-framework-cocoa", marker = "sys_platform == 'darwin'" },
    { name = "pyobjc-framework-quartz", marker = "sys_platform == 'darwin'" },
    { name = "pyobjc-framework-security", marker = "sys_platform == 'darwin'" },
    { name = "pyobjc-framework-webkit", marker = "sys_platform == 'darwin'" },
    { name = "pythonnet", marker = "sys_platform == 'win32'" },
    { name = "qtpy", marker = "sys_platform == 'openbsd6'" },
    { name = "typing-extensions" },
]
sdist = { url = "https://mirrors.aliyun.com/pypi/packages/a8/2a/0279e9da655481cef5dd0cdb1f9b8bfbe8fdf81d0062731f8e1e6668898d/pywebview-6.0.tar.gz", hash = "sha256:05c339ace3ee1c11391aa9ae8c4645c67239e769c91228f63196d8d120a9feb8" }
wheels = [
    { url = "https://mirrors.aliyun.com/pypi/packages/2c/74/611f560a08c5d62fe5a528f784f71aefa4753a52b448489be92f310a3748/pywebview-6.0-py3-none-any.whl", hash = "sha256:6164b2a3debc416eeba15f3a48b1febd0b9483a6674c933c7c9b59fb4b11f474" },
]

[[package]]
name = "qtpy"
version = "2.4.3"
source = { registry = "https://mirrors.aliyun.com/pypi/simple" }
dependencies = [
    { name = "packaging" },
]
sdist = { url = "https://mirrors.aliyun.com/pypi/packages/70/01/392eba83c8e47b946b929d7c46e0f04b35e9671f8bb6fc36b6f7945b4de8/qtpy-2.4.3.tar.gz", hash = "sha256:db744f7832e6d3da90568ba6ccbca3ee2b3b4a890c3d6fbbc63142f6e4cdf5bb" }
wheels = [
    { url = "https://mirrors.aliyun.com/pypi/packages/69/76/37c0ccd5ab968a6a438f9c623aeecc84c202ab2fabc6a8fd927580c15b5a/QtPy-2.4.3-py3-none-any.whl", hash = "sha256:72095afe13673e017946cc258b8d5da43314197b741ed2890e563cf384b51aa1" },
]

[[package]]
name = "typing-extensions"
version = "4.15.0"
source = { registry = "https://mirrors.aliyun.com/pypi/simple" }
sdist = { url = "https://mirrors.aliyun.com/pypi/packages/72/94/1a15dd82efb362ac84269196e94cf00f187f7ed21c242792a923cdb1c61f/typing_extensions-4.15.0.tar.gz", hash = "sha256:0cea48d173cc12fa28ecabc3b837ea3cf6f38c6d1136f85cbaaf598984861466" }
wheels = [
    { url = "https://mirrors.aliyun.com/pypi/packages/18/67/36e9267722cc04a6b9f15c7f3441c2363321a3ea07da7ae0c0707beb2a9c/typing_extensions-4.15.0-py3-none-any.whl", hash = "sha256:f0fa19c6845758ab08074a0cfa8b7aecb71c999ca73d62883bc25cc018c4e548" },
]
